
Microsoft Visual Studio Solution File, Format Version 12.00
# Visual Studio Version 17
VisualStudioVersion = 17.7.34221.43
MinimumVisualStudioVersion = 10.0.40219.1
Project("{9A19103F-16F7-4668-BE54-9A1E7A4F7556}") = "CarBookingAPI", "CarBookingAPI\CarBookingAPI.csproj", "{CC4158FB-C9C7-454E-A038-939A04BD1E58}"
EndProject
Project("{9A19103F-16F7-4668-BE54-9A1E7A4F7556}") = "CarBookingDomain", "CarBookingDomain\CarBookingDomain.csproj", "{3A992175-6444-4814-9C09-4089608032AA}"
EndProject
Project("{9A19103F-16F7-4668-BE54-9A1E7A4F7556}") = "CarBookingServices", "CarBookingServices\CarBookingServices.csproj", "{3E844B57-43DB-4D30-8549-DB293D34D77A}"
EndProject
Global
	GlobalSection(SolutionConfigurationPlatforms) = preSolution
		Debug|Any CPU = Debug|Any CPU
		Release|Any CPU = Release|Any CPU
	EndGlobalSection
	GlobalSection(ProjectConfigurationPlatforms) = postSolution
		{CC4158FB-C9C7-454E-A038-939A04BD1E58}.Debug|Any CPU.ActiveCfg = Debug|Any CPU
		{CC4158FB-C9C7-454E-A038-939A04BD1E58}.Debug|Any CPU.Build.0 = Debug|Any CPU
		{CC4158FB-C9C7-454E-A038-939A04BD1E58}.Release|Any CPU.ActiveCfg = Release|Any CPU
		{CC4158FB-C9C7-454E-A038-939A04BD1E58}.Release|Any CPU.Build.0 = Release|Any CPU
		{3A992175-6444-4814-9C09-4089608032AA}.Debug|Any CPU.ActiveCfg = Debug|Any CPU
		{3A992175-6444-4814-9C09-4089608032AA}.Debug|Any CPU.Build.0 = Debug|Any CPU
		{3A992175-6444-4814-9C09-4089608032AA}.Release|Any CPU.ActiveCfg = Release|Any CPU
		{3A992175-6444-4814-9C09-4089608032AA}.Release|Any CPU.Build.0 = Release|Any CPU
		{3E844B57-43DB-4D30-8549-DB293D34D77A}.Debug|Any CPU.ActiveCfg = Debug|Any CPU
		{3E844B57-43DB-4D30-8549-DB293D34D77A}.Debug|Any CPU.Build.0 = Debug|Any CPU
		{3E844B57-43DB-4D30-8549-DB293D34D77A}.Release|Any CPU.ActiveCfg = Release|Any CPU
		{3E844B57-43DB-4D30-8549-DB293D34D77A}.Release|Any CPU.Build.0 = Release|Any CPU
	EndGlobalSection
	GlobalSection(SolutionProperties) = preSolution
		HideSolutionNode = FALSE
	EndGlobalSection
	GlobalSection(ExtensibilityGlobals) = postSolution
		SolutionGuid = {1CD06D3B-F8AB-4E71-8AE5-E8879630134A}
	EndGlobalSection
EndGlobal
